
Microsoft Visual Studio Solution File, Format Version 12.00
# Visual Studio Express 2013 for Windows Desktop
VisualStudioVersion = 12.0.31101.0
MinimumVisualStudioVersion = 10.0.40219.1
Project("{F184B08F-C81C-45F6-A57F-5ABD9991F28F}") = "Chap3.1 Ex 63", "Chap3.1 Ex 63\Chap3.1 Ex 63.vbproj", "{0A8D3C2D-F5A5-4989-B543-F136F459AF04}"
EndProject
Global
	GlobalSection(SolutionConfigurationPlatforms) = preSolution
		Debug|Any CPU = Debug|Any CPU
		Release|Any CPU = Release|Any CPU
	EndGlobalSection
	GlobalSection(ProjectConfigurationPlatforms) = postSolution
		{0A8D3C2D-F5A5-4989-B543-F136F459AF04}.Debug|Any CPU.ActiveCfg = Debug|Any CPU
		{0A8D3C2D-F5A5-4989-B543-F136F459AF04}.Debug|Any CPU.Build.0 = Debug|Any CPU
		{0A8D3C2D-F5A5-4989-B543-F136F459AF04}.Release|Any CPU.ActiveCfg = Release|Any CPU
		{0A8D3C2D-F5A5-4989-B543-F136F459AF04}.Release|Any CPU.Build.0 = Release|Any CPU
	EndGlobalSection
	GlobalSection(SolutionProperties) = preSolution
		HideSolutionNode = FALSE
	EndGlobalSection
EndGlobal
